// !$*UTF8*$!
{
	archiveVersion = 1;
	classes = {
	};
	objectVersion = 56;
	objects = {

/* Begin PBXBuildFile section */
		A64FF79F291193D600A8C10F /* iWeatherApp.swift in Sources */ = {isa = PBXBuildFile; fileRef = A64FF79E291193D600A8C10F /* iWeatherApp.swift */; };
		A64FF7A1291193D600A8C10F /* HomeView.swift in Sources */ = {isa = PBXBuildFile; fileRef = A64FF7A0291193D600A8C10F /* HomeView.swift */; };
		A64FF7A3291193D800A8C10F /* Assets.xcassets in Resources */ = {isa = PBXBuildFile; fileRef = A64FF7A2291193D800A8C10F /* Assets.xcassets */; };
		A64FF7A6291193D800A8C10F /* Preview Assets.xcassets in Resources */ = {isa = PBXBuildFile; fileRef = A64FF7A5291193D800A8C10F /* Preview Assets.xcassets */; };
		A64FF7AD291194C100A8C10F /* CurrentTemperatureView.swift in Sources */ = {isa = PBXBuildFile; fileRef = A64FF7AC291194C100A8C10F /* CurrentTemperatureView.swift */; };
		A64FF7AF29119F6C00A8C10F /* HourTemperatureView.swift in Sources */ = {isa = PBXBuildFile; fileRef = A64FF7AE29119F6C00A8C10F /* HourTemperatureView.swift */; };
		A64FF7B32911A6C300A8C10F /* HourlyWeather.swift in Sources */ = {isa = PBXBuildFile; fileRef = A64FF7B22911A6C300A8C10F /* HourlyWeather.swift */; };
		A64FF7B52911AAE300A8C10F /* CurrentWeather.swift in Sources */ = {isa = PBXBuildFile; fileRef = A64FF7B42911AAE300A8C10F /* CurrentWeather.swift */; };
		A64FF7B72911ADE100A8C10F /* TenDayForecastRowView.swift in Sources */ = {isa = PBXBuildFile; fileRef = A64FF7B62911ADE100A8C10F /* TenDayForecastRowView.swift */; };
		A64FF7B92911AEBE00A8C10F /* DayWeatherSummary.swift in Sources */ = {isa = PBXBuildFile; fileRef = A64FF7B82911AEBD00A8C10F /* DayWeatherSummary.swift */; };
/* End PBXBuildFile section */

/* Begin PBXFileReference section */
		A64FF79B291193D600A8C10F /* iWeather.app */ = {isa = PBXFileReference; explicitFileType = wrapper.application; includeInIndex = 0; path = iWeather.app; sourceTree = BUILT_PRODUCTS_DIR; };
		A64FF79E291193D600A8C10F /* iWeatherApp.swift */ = {isa = PBXFileReference; lastKnownFileType = sourcecode.swift; path = iWeatherApp.swift; sourceTree = "<group>"; };
		A64FF7A0291193D600A8C10F /* HomeView.swift */ = {isa = PBXFileReference; lastKnownFileType = sourcecode.swift; path = HomeView.swift; sourceTree = "<group>"; };
		A64FF7A2291193D800A8C10F /* Assets.xcassets */ = {isa = PBXFileReference; lastKnownFileType = folder.assetcatalog; path = Assets.xcassets; sourceTree = "<group>"; };
		A64FF7A5291193D800A8C10F /* Preview Assets.xcassets */ = {isa = PBXFileReference; lastKnownFileType = folder.assetcatalog; path = "Preview Assets.xcassets"; sourceTree = "<group>"; };
		A64FF7AC291194C100A8C10F /* CurrentTemperatureView.swift */ = {isa = PBXFileReference; lastKnownFileType = sourcecode.swift; path = CurrentTemperatureView.swift; sourceTree = "<group>"; };
		A64FF7AE29119F6C00A8C10F /* HourTemperatureView.swift */ = {isa = PBXFileReference; lastKnownFileType = sourcecode.swift; path = HourTemperatureView.swift; sourceTree = "<group>"; };
		A64FF7B22911A6C300A8C10F /* HourlyWeather.swift */ = {isa = PBXFileReference; lastKnownFileType = sourcecode.swift; path = HourlyWeather.swift; sourceTree = "<group>"; };
		A64FF7B42911AAE300A8C10F /* CurrentWeather.swift */ = {isa = PBXFileReference; lastKnownFileType = sourcecode.swift; path = CurrentWeather.swift; sourceTree = "<group>"; };
		A64FF7B62911ADE100A8C10F /* TenDayForecastRowView.swift */ = {isa = PBXFileReference; lastKnownFileType = sourcecode.swift; path = TenDayForecastRowView.swift; sourceTree = "<group>"; };
		A64FF7B82911AEBD00A8C10F /* DayWeatherSummary.swift */ = {isa = PBXFileReference; lastKnownFileType = sourcecode.swift; path = DayWeatherSummary.swift; sourceTree = "<group>"; };
/* End PBXFileReference section */

/* Begin PBXFrameworksBuildPhase section */
		A64FF798291193D600A8C10F /* Frameworks */ = {
			isa = PBXFrameworksBuildPhase;
			buildActionMask = 2147483647;
			files = (
			);
			runOnlyForDeploymentPostprocessing = 0;
		};
/* End PBXFrameworksBuildPhase section */

/* Begin PBXGroup section */
		A64FF792291193D600A8C10F = {
			isa = PBXGroup;
			children = (
				A64FF79D291193D600A8C10F /* iWeather */,
				A64FF79C291193D600A8C10F /* Products */,
			);
			sourceTree = "<group>";
		};
		A64FF79C291193D600A8C10F /* Products */ = {
			isa = PBXGroup;
			children = (
				A64FF79B291193D600A8C10F /* iWeather.app */,
			);
			name = Products;
			sourceTree = "<group>";
		};
		A64FF79D291193D600A8C10F /* iWeather */ = {
			isa = PBXGroup;
			children = (
				A64FF7B12911A69B00A8C10F /* Models */,
				A64FF7B02911A67B00A8C10F /* Views */,
				A64FF79E291193D600A8C10F /* iWeatherApp.swift */,
				A64FF7A2291193D800A8C10F /* Assets.xcassets */,
				A64FF7A4291193D800A8C10F /* Preview Content */,
			);
			path = iWeather;
			sourceTree = "<group>";
		};
		A64FF7A4291193D800A8C10F /* Preview Content */ = {
			isa = PBXGroup;
			children = (
				A64FF7A5291193D800A8C10F /* Preview Assets.xcassets */,
			);
			path = "Preview Content";
			sourceTree = "<group>";
		};
		A64FF7B02911A67B00A8C10F /* Views */ = {
			isa = PBXGroup;
			children = (
				A64FF7A0291193D600A8C10F /* HomeView.swift */,
				A64FF7AC291194C100A8C10F /* CurrentTemperatureView.swift */,
				A64FF7AE29119F6C00A8C10F /* HourTemperatureView.swift */,
				A64FF7B62911ADE100A8C10F /* TenDayForecastRowView.swift */,
			);
			path = Views;
			sourceTree = "<group>";
		};
		A64FF7B12911A69B00A8C10F /* Models */ = {
			isa = PBXGroup;
			children = (
				A64FF7B22911A6C300A8C10F /* HourlyWeather.swift */,
				A64FF7B42911AAE300A8C10F /* CurrentWeather.swift */,
				A64FF7B82911AEBD00A8C10F /* DayWeatherSummary.swift */,
			);
			path = Models;
			sourceTree = "<group>";
		};
/* End PBXGroup section */

/* Begin PBXNativeTarget section */
		A64FF79A291193D600A8C10F /* iWeather */ = {
			isa = PBXNativeTarget;
			buildConfigurationList = A64FF7A9291193D800A8C10F /* Build configuration list for PBXNativeTarget "iWeather" */;
			buildPhases = (
				A64FF797291193D600A8C10F /* Sources */,
				A64FF798291193D600A8C10F /* Frameworks */,
				A64FF799291193D600A8C10F /* Resources */,
			);
			buildRules = (
			);
			dependencies = (
			);
			name = iWeather;
			productName = iWeather;
			productReference = A64FF79B291193D600A8C10F /* iWeather.app */;
			productType = "com.apple.product-type.application";
		};
/* End PBXNativeTarget section */

/* Begin PBXProject section */
		A64FF793291193D600A8C10F /* Project object */ = {
			isa = PBXProject;
			attributes = {
				BuildIndependentTargetsInParallel = 1;
				LastSwiftUpdateCheck = 1400;
				LastUpgradeCheck = 1400;
				TargetAttributes = {
					A64FF79A291193D600A8C10F = {
						CreatedOnToolsVersion = 14.0;
					};
				};
			};
			buildConfigurationList = A64FF796291193D600A8C10F /* Build configuration list for PBXProject "iWeather" */;
			compatibilityVersion = "Xcode 14.0";
			developmentRegion = en;
			hasScannedForEncodings = 0;
			knownRegions = (
				en,
				Base,
			);
			mainGroup = A64FF792291193D600A8C10F;
			productRefGroup = A64FF79C291193D600A8C10F /* Products */;
			projectDirPath = "";
			projectRoot = "";
			targets = (
				A64FF79A291193D600A8C10F /* iWeather */,
			);
		};
/* End PBXProject section */

/* Begin PBXResourcesBuildPhase section */
		A64FF799291193D600A8C10F /* Resources */ = {
			isa = PBXResourcesBuildPhase;
			buildActionMask = 2147483647;
			files = (
				A64FF7A6291193D800A8C10F /* Preview Assets.xcassets in Resources */,
				A64FF7A3291193D800A8C10F /* Assets.xcassets in Resources */,
			);
			runOnlyForDeploymentPostprocessing = 0;
		};
/* End PBXResourcesBuildPhase section */

/* Begin PBXSourcesBuildPhase section */
		A64FF797291193D600A8C10F /* Sources */ = {
			isa = PBXSourcesBuildPhase;
			buildActionMask = 2147483647;
			files = (
				A64FF7A1291193D600A8C10F /* HomeView.swift in Sources */,
				A64FF79F291193D600A8C10F /* iWeatherApp.swift in Sources */,
				A64FF7AD291194C100A8C10F /* CurrentTemperatureView.swift in Sources */,
				A64FF7B72911ADE100A8C10F /* TenDayForecastRowView.swift in Sources */,
				A64FF7B32911A6C300A8C10F /* HourlyWeather.swift in Sources */,
				A64FF7B52911AAE300A8C10F /* CurrentWeather.swift in Sources */,
				A64FF7B92911AEBE00A8C10F /* DayWeatherSummary.swift in Sources */,
				A64FF7AF29119F6C00A8C10F /* HourTemperatureView.swift in Sources */,
			);
			runOnlyForDeploymentPostprocessing = 0;
		};
/* End PBXSourcesBuildPhase section */

/* Begin XCBuildConfiguration section */
		A64FF7A7291193D800A8C10F /* Debug */ = {
			isa = XCBuildConfiguration;
			buildSettings = {
				ALWAYS_SEARCH_USER_PATHS = NO;
				CLANG_ANALYZER_NONNULL = YES;
				CLANG_ANALYZER_NUMBER_OBJECT_CONVERSION = YES_AGGRESSIVE;
				CLANG_CXX_LANGUAGE_STANDARD = "gnu++20";
				CLANG_ENABLE_MODULES = YES;
				CLANG_ENABLE_OBJC_ARC = YES;
				CLANG_ENABLE_OBJC_WEAK = YES;
				CLANG_WARN_BLOCK_CAPTURE_AUTORELEASING = YES;
				CLANG_WARN_BOOL_CONVERSION = YES;
				CLANG_WARN_COMMA = YES;
				CLANG_WARN_CONSTANT_CONVERSION = YES;
				CLANG_WARN_DEPRECATED_OBJC_IMPLEMENTATIONS = YES;
				CLANG_WARN_DIRECT_OBJC_ISA_USAGE = YES_ERROR;
				CLANG_WARN_DOCUMENTATION_COMMENTS = YES;
				CLANG_WARN_EMPTY_BODY = YES;
				CLANG_WARN_ENUM_CONVERSION = YES;
				CLANG_WARN_INFINITE_RECURSION = YES;
				CLANG_WARN_INT_CONVERSION = YES;
				CLANG_WARN_NON_LITERAL_NULL_CONVERSION = YES;
				CLANG_WARN_OBJC_IMPLICIT_RETAIN_SELF = YES;
				CLANG_WARN_OBJC_LITERAL_CONVERSION = YES;
				CLANG_WARN_OBJC_ROOT_CLASS = YES_ERROR;
				CLANG_WARN_QUOTED_INCLUDE_IN_FRAMEWORK_HEADER = YES;
				CLANG_WARN_RANGE_LOOP_ANALYSIS = YES;
				CLANG_WARN_STRICT_PROTOTYPES = YES;
				CLANG_WARN_SUSPICIOUS_MOVE = YES;
				CLANG_WARN_UNGUARDED_AVAILABILITY = YES_AGGRESSIVE;
				CLANG_WARN_UNREACHABLE_CODE = YES;
				CLANG_WARN__DUPLICATE_METHOD_MATCH = YES;
				COPY_PHASE_STRIP = NO;
				DEBUG_INFORMATION_FORMAT = dwarf;
				ENABLE_STRICT_OBJC_MSGSEND = YES;
				ENABLE_TESTABILITY = YES;
				GCC_C_LANGUAGE_STANDARD = gnu11;
				GCC_DYNAMIC_NO_PIC = NO;
				GCC_NO_COMMON_BLOCKS = YES;
				GCC_OPTIMIZATION_LEVEL = 0;
				GCC_PREPROCESSOR_DEFINITIONS = (
					"DEBUG=1",
					"$(inherited)",
				);
				GCC_WARN_64_TO_32_BIT_CONVERSION = YES;
				GCC_WARN_ABOUT_RETURN_TYPE = YES_ERROR;
				GCC_WARN_UNDECLARED_SELECTOR = YES;
				GCC_WARN_UNINITIALIZED_AUTOS = YES_AGGRESSIVE;
				GCC_WARN_UNUSED_FUNCTION = YES;
				GCC_WARN_UNUSED_VARIABLE = YES;
				IPHONEOS_DEPLOYMENT_TARGET = 16.0;
				MTL_ENABLE_DEBUG_INFO = INCLUDE_SOURCE;
				MTL_FAST_MATH = YES;
				ONLY_ACTIVE_ARCH = YES;
				SDKROOT = iphoneos;
				SWIFT_ACTIVE_COMPILATION_CONDITIONS = DEBUG;
				SWIFT_OPTIMIZATION_LEVEL = "-Onone";
			};
			name = Debug;
		};
		A64FF7A8291193D800A8C10F /* Release */ = {
			isa = XCBuildConfiguration;
			buildSettings = {
				ALWAYS_SEARCH_USER_PATHS = NO;
				CLANG_ANALYZER_NONNULL = YES;
				CLANG_ANALYZER_NUMBER_OBJECT_CONVERSION = YES_AGGRESSIVE;
				CLANG_CXX_LANGUAGE_STANDARD = "gnu++20";
				CLANG_ENABLE_MODULES = YES;
				CLANG_ENABLE_OBJC_ARC = YES;
				CLANG_ENABLE_OBJC_WEAK = YES;
				CLANG_WARN_BLOCK_CAPTURE_AUTORELEASING = YES;
				CLANG_WARN_BOOL_CONVERSION = YES;
				CLANG_WARN_COMMA = YES;
				CLANG_WARN_CONSTANT_CONVERSION = YES;
				CLANG_WARN_DEPRECATED_OBJC_IMPLEMENTATIONS = YES;
				CLANG_WARN_DIRECT_OBJC_ISA_USAGE = YES_ERROR;
				CLANG_WARN_DOCUMENTATION_COMMENTS = YES;
				CLANG_WARN_EMPTY_BODY = YES;
				CLANG_WARN_ENUM_CONVERSION = YES;
				CLANG_WARN_INFINITE_RECURSION = YES;
				CLANG_WARN_INT_CONVERSION = YES;
				CLANG_WARN_NON_LITERAL_NULL_CONVERSION = YES;
				CLANG_WARN_OBJC_IMPLICIT_RETAIN_SELF = YES;
				CLANG_WARN_OBJC_LITERAL_CONVERSION = YES;
				CLANG_WARN_OBJC_ROOT_CLASS = YES_ERROR;
				CLANG_WARN_QUOTED_INCLUDE_IN_FRAMEWORK_HEADER = YES;
				CLANG_WARN_RANGE_LOOP_ANALYSIS = YES;
				CLANG_WARN_STRICT_PROTOTYPES = YES;
				CLANG_WARN_SUSPICIOUS_MOVE = YES;
				CLANG_WARN_UNGUARDED_AVAILABILITY = YES_AGGRESSIVE;
				CLANG_WARN_UNREACHABLE_CODE = YES;
				CLANG_WARN__DUPLICATE_METHOD_MATCH = YES;
				COPY_PHASE_STRIP = NO;
				DEBUG_INFORMATION_FORMAT = "dwarf-with-dsym";
				ENABLE_NS_ASSERTIONS = NO;
				ENABLE_STRICT_OBJC_MSGSEND = YES;
				GCC_C_LANGUAGE_STANDARD = gnu11;
				GCC_NO_COMMON_BLOCKS = YES;
				GCC_WARN_64_TO_32_BIT_CONVERSION = YES;
				GCC_WARN_ABOUT_RETURN_TYPE = YES_ERROR;
				GCC_WARN_UNDECLARED_SELECTOR = YES;
				GCC_WARN_UNINITIALIZED_AUTOS = YES_AGGRESSIVE;
				GCC_WARN_UNUSED_FUNCTION = YES;
				GCC_WARN_UNUSED_VARIABLE = YES;
				IPHONEOS_DEPLOYMENT_TARGET = 16.0;
				MTL_ENABLE_DEBUG_INFO = NO;
				MTL_FAST_MATH = YES;
				SDKROOT = iphoneos;
				SWIFT_COMPILATION_MODE = wholemodule;
				SWIFT_OPTIMIZATION_LEVEL = "-O";
				VALIDATE_PRODUCT = YES;
			};
			name = Release;
		};
		A64FF7AA291193D800A8C10F /* Debug */ = {
			isa = XCBuildConfiguration;
			buildSettings = {
				ASSETCATALOG_COMPILER_APPICON_NAME = AppIcon;
				ASSETCATALOG_COMPILER_GLOBAL_ACCENT_COLOR_NAME = AccentColor;
				CODE_SIGN_STYLE = Manual;
				CURRENT_PROJECT_VERSION = 1;
				DEVELOPMENT_ASSET_PATHS = "\"iWeather/Preview Content\"";
				DEVELOPMENT_TEAM = "";
				ENABLE_PREVIEWS = YES;
				GENERATE_INFOPLIST_FILE = YES;
				INFOPLIST_KEY_UIApplicationSceneManifest_Generation = YES;
				INFOPLIST_KEY_UIApplicationSupportsIndirectInputEvents = YES;
				INFOPLIST_KEY_UILaunchScreen_Generation = YES;
				INFOPLIST_KEY_UISupportedInterfaceOrientations_iPad = "UIInterfaceOrientationPortrait UIInterfaceOrientationPortraitUpsideDown UIInterfaceOrientationLandscapeLeft UIInterfaceOrientationLandscapeRight";
				INFOPLIST_KEY_UISupportedInterfaceOrientations_iPhone = "UIInterfaceOrientationPortrait UIInterfaceOrientationLandscapeLeft UIInterfaceOrientationLandscapeRight";
				LD_RUNPATH_SEARCH_PATHS = (
					"$(inherited)",
					"@executable_path/Frameworks",
				);
				MARKETING_VERSION = 1.0;
				PRODUCT_BUNDLE_IDENTIFIER = com.ssdev.iWeather;
				PRODUCT_NAME = "$(TARGET_NAME)";
				PROVISIONING_PROFILE_SPECIFIER = "";
				SWIFT_EMIT_LOC_STRINGS = YES;
				SWIFT_VERSION = 5.0;
				TARGETED_DEVICE_FAMILY = "1,2";
			};
			name = Debug;
		};
		A64FF7AB291193D800A8C10F /* Release */ = {
			isa = XCBuildConfiguration;
			buildSettings = {
				ASSETCATALOG_COMPILER_APPICON_NAME = AppIcon;
				ASSETCATALOG_COMPILER_GLOBAL_ACCENT_COLOR_NAME = AccentColor;
				CODE_SIGN_STYLE = Manual;
				CURRENT_PROJECT_VERSION = 1;
				DEVELOPMENT_ASSET_PATHS = "\"iWeather/Preview Content\"";
				DEVELOPMENT_TEAM = "";
				ENABLE_PREVIEWS = YES;
				GENERATE_INFOPLIST_FILE = YES;
				INFOPLIST_KEY_UIApplicationSceneManifest_Generation = YES;
				INFOPLIST_KEY_UIApplicationSupportsIndirectInputEvents = YES;
				INFOPLIST_KEY_UILaunchScreen_Generation = YES;
				INFOPLIST_KEY_UISupportedInterfaceOrientations_iPad = "UIInterfaceOrientationPortrait UIInterfaceOrientationPortraitUpsideDown UIInterfaceOrientationLandscapeLeft UIInterfaceOrientationLandscapeRight";
				INFOPLIST_KEY_UISupportedInterfaceOrientations_iPhone = "UIInterfaceOrientationPortrait UIInterfaceOrientationLandscapeLeft UIInterfaceOrientationLandscapeRight";
				LD_RUNPATH_SEARCH_PATHS = (
					"$(inherited)",
					"@executable_path/Frameworks",
				);
				MARKETING_VERSION = 1.0;
				PRODUCT_BUNDLE_IDENTIFIER = com.ssdev.iWeather;
				PRODUCT_NAME = "$(TARGET_NAME)";
				PROVISIONING_PROFILE_SPECIFIER = "";
				SWIFT_EMIT_LOC_STRINGS = YES;
				SWIFT_VERSION = 5.0;
				TARGETED_DEVICE_FAMILY = "1,2";
			};
			name = Release;
		};
/* End XCBuildConfiguration section */

/* Begin XCConfigurationList section */
		A64FF796291193D600A8C10F /* Build configuration list for PBXProject "iWeather" */ = {
			isa = XCConfigurationList;
			buildConfigurations = (
				A64FF7A7291193D800A8C10F /* Debug */,
				A64FF7A8291193D800A8C10F /* Release */,
			);
			defaultConfigurationIsVisible = 0;
			defaultConfigurationName = Release;
		};
		A64FF7A9291193D800A8C10F /* Build configuration list for PBXNativeTarget "iWeather" */ = {
			isa = XCConfigurationList;
			buildConfigurations = (
				A64FF7AA291193D800A8C10F /* Debug */,
				A64FF7AB291193D800A8C10F /* Release */,
			);
			defaultConfigurationIsVisible = 0;
			defaultConfigurationName = Release;
		};
/* End XCConfigurationList section */
	};
	rootObject = A64FF793291193D600A8C10F /* Project object */;
}
